
Microsoft Visual Studio Solution File, Format Version 12.00
# Visual Studio 15
VisualStudioVersion = 15.0.27130.2024
MinimumVisualStudioVersion = 10.0.40219.1
Project("{8BC9CEB8-8B4A-11D0-8D11-00A0C91BC942}") = "first_lab", "first_lab\first_lab.vcxproj", "{B99CDB42-4C7E-4A97-9F31-FF47053ABBDB}"
EndProject
Global
	GlobalSection(SolutionConfigurationPlatforms) = preSolution
		Debug|x64 = Debug|x64
		Debug|x86 = Debug|x86
		Release|x64 = Release|x64
		Release|x86 = Release|x86
	EndGlobalSection
	GlobalSection(ProjectConfigurationPlatforms) = postSolution
		{B99CDB42-4C7E-4A97-9F31-FF47053ABBDB}.Debug|x64.ActiveCfg = Debug|x64
		{B99CDB42-4C7E-4A97-9F31-FF47053ABBDB}.Debug|x64.Build.0 = Debug|x64
		{B99CDB42-4C7E-4A97-9F31-FF47053ABBDB}.Debug|x86.ActiveCfg = Debug|Win32
		{B99CDB42-4C7E-4A97-9F31-FF47053ABBDB}.Debug|x86.Build.0 = Debug|Win32
		{B99CDB42-4C7E-4A97-9F31-FF47053ABBDB}.Release|x64.ActiveCfg = Release|x64
		{B99CDB42-4C7E-4A97-9F31-FF47053ABBDB}.Release|x64.Build.0 = Release|x64
		{B99CDB42-4C7E-4A97-9F31-FF47053ABBDB}.Release|x86.ActiveCfg = Release|Win32
		{B99CDB42-4C7E-4A97-9F31-FF47053ABBDB}.Release|x86.Build.0 = Release|Win32
	EndGlobalSection
	GlobalSection(SolutionProperties) = preSolution
		HideSolutionNode = FALSE
	EndGlobalSection
	GlobalSection(ExtensibilityGlobals) = postSolution
		SolutionGuid = {C7C117A2-EBE1-4E37-B6BB-16159BCF8E54}
	EndGlobalSection
EndGlobal
